
Microsoft Visual Studio Solution File, Format Version 12.00
# Visual Studio 15
VisualStudioVersion = 15.0.26730.16
MinimumVisualStudioVersion = 10.0.40219.1
Project("{FAE04EC0-301F-11D3-BF4B-00C04F79EFBC}") = "DBC", "DBC\DBC.csproj", "{46A5093B-FCCE-4BC3-A876-CD964524FA61}"
EndProject
Global
	GlobalSection(SolutionConfigurationPlatforms) = preSolution
		Debug|Any CPU = Debug|Any CPU
		Release|Any CPU = Release|Any CPU
	EndGlobalSection
	GlobalSection(ProjectConfigurationPlatforms) = postSolution
		{46A5093B-FCCE-4BC3-A876-CD964524FA61}.Debug|Any CPU.ActiveCfg = Debug|Any CPU
		{46A5093B-FCCE-4BC3-A876-CD964524FA61}.Debug|Any CPU.Build.0 = Debug|Any CPU
		{46A5093B-FCCE-4BC3-A876-CD964524FA61}.Release|Any CPU.ActiveCfg = Release|Any CPU
		{46A5093B-FCCE-4BC3-A876-CD964524FA61}.Release|Any CPU.Build.0 = Release|Any CPU
	EndGlobalSection
	GlobalSection(SolutionProperties) = preSolution
		HideSolutionNode = FALSE
	EndGlobalSection
	GlobalSection(ExtensibilityGlobals) = postSolution
		SolutionGuid = {E557B676-B5E8-43B9-A4CB-3C2686188113}
	EndGlobalSection
EndGlobal
